
Microsoft Visual Studio Solution File, Format Version 12.00
# Visual Studio Version 17
VisualStudioVersion = 17.7.34003.232
MinimumVisualStudioVersion = 10.0.40219.1
Project("{FAE04EC0-301F-11D3-BF4B-00C04F79EFBC}") = "apiUsers", "apiUsers\apiUsers.csproj", "{81B461AF-AC17-4947-90FF-9C8D31623EDB}"
EndProject
Global
	GlobalSection(SolutionConfigurationPlatforms) = preSolution
		Debug|Any CPU = Debug|Any CPU
		Release|Any CPU = Release|Any CPU
	EndGlobalSection
	GlobalSection(ProjectConfigurationPlatforms) = postSolution
		{81B461AF-AC17-4947-90FF-9C8D31623EDB}.Debug|Any CPU.ActiveCfg = Debug|Any CPU
		{81B461AF-AC17-4947-90FF-9C8D31623EDB}.Debug|Any CPU.Build.0 = Debug|Any CPU
		{81B461AF-AC17-4947-90FF-9C8D31623EDB}.Release|Any CPU.ActiveCfg = Release|Any CPU
		{81B461AF-AC17-4947-90FF-9C8D31623EDB}.Release|Any CPU.Build.0 = Release|Any CPU
	EndGlobalSection
	GlobalSection(SolutionProperties) = preSolution
		HideSolutionNode = FALSE
	EndGlobalSection
	GlobalSection(ExtensibilityGlobals) = postSolution
		SolutionGuid = {561B063D-25FA-40F9-9455-1F5CC17D6E67}
	EndGlobalSection
EndGlobal
